<Solution>
  <Folder Name="/src/">
    <Project Path="src/Fiscal.Api/Fiscal.Api.csproj" />
    <Project Path="src/Fiscal.Worker/Fiscal.Worker.csproj" />
    <Project Path="src/Fiscal.Application/Fiscal.Application.csproj" />
    <Project Path="src/Fiscal.Domain/Fiscal.Domain.csproj" />
    <Project Path="src/Fiscal.Infrastructure/Fiscal.Infrastructure.csproj" />
  </Folder>
  <Folder Name="/tests/">
    <Project Path="tests/Fiscal.ArchitectureTests/Fiscal.ArchitectureTests.csproj" />
    <Project Path="tests/Fiscal.IntegrationTests/Fiscal.IntegrationTests.csproj" />
    <Project Path="tests/Fiscal.UnitTests/Fiscal.UnitTests.csproj" />
  </Folder>
</Solution>
